
Microsoft Visual Studio Solution File, Format Version 12.00
# Visual Studio 15
VisualStudioVersion = 15.0.28010.2026
MinimumVisualStudioVersion = 10.0.40219.1
Project("{8BC9CEB8-8B4A-11D0-8D11-00A0C91BC942}") = "CircularLInked list", "CircularLInked list\CircularLInked list.vcxproj", "{D552E2A4-1A55-4857-A62D-D1B504715F1C}"
EndProject
Global
	GlobalSection(SolutionConfigurationPlatforms) = preSolution
		Debug|x64 = Debug|x64
		Debug|x86 = Debug|x86
		Release|x64 = Release|x64
		Release|x86 = Release|x86
	EndGlobalSection
	GlobalSection(ProjectConfigurationPlatforms) = postSolution
		{D552E2A4-1A55-4857-A62D-D1B504715F1C}.Debug|x64.ActiveCfg = Debug|x64
		{D552E2A4-1A55-4857-A62D-D1B504715F1C}.Debug|x64.Build.0 = Debug|x64
		{D552E2A4-1A55-4857-A62D-D1B504715F1C}.Debug|x86.ActiveCfg = Debug|Win32
		{D552E2A4-1A55-4857-A62D-D1B504715F1C}.Debug|x86.Build.0 = Debug|Win32
		{D552E2A4-1A55-4857-A62D-D1B504715F1C}.Release|x64.ActiveCfg = Release|x64
		{D552E2A4-1A55-4857-A62D-D1B504715F1C}.Release|x64.Build.0 = Release|x64
		{D552E2A4-1A55-4857-A62D-D1B504715F1C}.Release|x86.ActiveCfg = Release|Win32
		{D552E2A4-1A55-4857-A62D-D1B504715F1C}.Release|x86.Build.0 = Release|Win32
	EndGlobalSection
	GlobalSection(SolutionProperties) = preSolution
		HideSolutionNode = FALSE
	EndGlobalSection
	GlobalSection(ExtensibilityGlobals) = postSolution
		SolutionGuid = {44A64C76-0B2A-40FC-B44E-84781B01160E}
	EndGlobalSection
EndGlobal
